
Microsoft Visual Studio Solution File, Format Version 12.00
# Visual Studio Version 16
VisualStudioVersion = 16.0.29709.97
MinimumVisualStudioVersion = 10.0.40219.1
Project("{FAE04EC0-301F-11D3-BF4B-00C04F79EFBC}") = "WebapicoreAngular", "WebapicoreAngular\WebapicoreAngular.csproj", "{24F73941-3D2A-47AD-B123-69DAC1484EB2}"
EndProject
Global
	GlobalSection(SolutionConfigurationPlatforms) = preSolution
		Debug|Any CPU = Debug|Any CPU
		Release|Any CPU = Release|Any CPU
	EndGlobalSection
	GlobalSection(ProjectConfigurationPlatforms) = postSolution
		{24F73941-3D2A-47AD-B123-69DAC1484EB2}.Debug|Any CPU.ActiveCfg = Debug|Any CPU
		{24F73941-3D2A-47AD-B123-69DAC1484EB2}.Debug|Any CPU.Build.0 = Debug|Any CPU
		{24F73941-3D2A-47AD-B123-69DAC1484EB2}.Release|Any CPU.ActiveCfg = Release|Any CPU
		{24F73941-3D2A-47AD-B123-69DAC1484EB2}.Release|Any CPU.Build.0 = Release|Any CPU
	EndGlobalSection
	GlobalSection(SolutionProperties) = preSolution
		HideSolutionNode = FALSE
	EndGlobalSection
	GlobalSection(ExtensibilityGlobals) = postSolution
		SolutionGuid = {DC138C34-8749-4B11-B094-5FA5CAF790C3}
	EndGlobalSection
EndGlobal
